// !$*UTF8*$!
{
	archiveVersion = 1;
	classes = {
	};
	objectVersion = 46;
	objects = {

/* Begin PBXBuildFile section */
		46FA65D81A2F8CC5002823B2 /* main.cpp in Sources */ = {isa = PBXBuildFile; fileRef = 46FA65B31A2B0441002823B2 /* main.cpp */; };
		46FA65DB1A2F99F2002823B2 /* obj.cpp in Sources */ = {isa = PBXBuildFile; fileRef = 46FA65DA1A2F99F2002823B2 /* obj.cpp */; };
		46FA65DE1A30CC8C002823B2 /* XMLParse.cpp in Sources */ = {isa = PBXBuildFile; fileRef = 46FA65DD1A30CC8C002823B2 /* XMLParse.cpp */; };
		46FA65E71A30F98E002823B2 /* Room.cpp in Sources */ = {isa = PBXBuildFile; fileRef = 46FA65E61A30F98E002823B2 /* Room.cpp */; };
		46FA65E91A3138A9002823B2 /* Map.cpp in Sources */ = {isa = PBXBuildFile; fileRef = 46FA65E81A3138A9002823B2 /* Map.cpp */; };
		46FA65EB1A32097C002823B2 /* Creature.cpp in Sources */ = {isa = PBXBuildFile; fileRef = 46FA65EA1A32097C002823B2 /* Creature.cpp */; };
		46FA65ED1A320BB0002823B2 /* Item.cpp in Sources */ = {isa = PBXBuildFile; fileRef = 46FA65EC1A320BB0002823B2 /* Item.cpp */; };
		46FA65EF1A320D03002823B2 /* Container.cpp in Sources */ = {isa = PBXBuildFile; fileRef = 46FA65EE1A320D03002823B2 /* Container.cpp */; };
		46FA65F21A33C301002823B2 /* Player.cpp in Sources */ = {isa = PBXBuildFile; fileRef = 46FA65F11A33C301002823B2 /* Player.cpp */; };
		46FA65F41A33C30E002823B2 /* Game.cpp in Sources */ = {isa = PBXBuildFile; fileRef = 46FA65F31A33C30E002823B2 /* Game.cpp */; };
/* End PBXBuildFile section */

/* Begin PBXCopyFilesBuildPhase section */
		46FA65A31A2AC4B1002823B2 /* CopyFiles */ = {
			isa = PBXCopyFilesBuildPhase;
			buildActionMask = 2147483647;
			dstPath = /usr/share/man/man1/;
			dstSubfolderSpec = 0;
			files = (
			);
			runOnlyForDeploymentPostprocessing = 1;
		};
/* End PBXCopyFilesBuildPhase section */

/* Begin PBXFileReference section */
		46FA65A51A2AC4B1002823B2 /* zork_clone */ = {isa = PBXFileReference; explicitFileType = "compiled.mach-o.executable"; includeInIndex = 0; path = zork_clone; sourceTree = BUILT_PRODUCTS_DIR; };
		46FA65B31A2B0441002823B2 /* main.cpp */ = {isa = PBXFileReference; lastKnownFileType = sourcecode.cpp.cpp; path = main.cpp; sourceTree = "<group>"; };
		46FA65B61A2B0670002823B2 /* sample.txt.xml */ = {isa = PBXFileReference; lastKnownFileType = text.xml; path = sample.txt.xml; sourceTree = "<group>"; };
		46FA65B71A2B0670002823B2 /* text.txt */ = {isa = PBXFileReference; lastKnownFileType = text; path = text.txt; sourceTree = "<group>"; };
		46FA65CE1A2B1DF4002823B2 /* license.txt */ = {isa = PBXFileReference; lastKnownFileType = text; path = license.txt; sourceTree = "<group>"; };
		46FA65CF1A2B1DF4002823B2 /* manual.html */ = {isa = PBXFileReference; lastKnownFileType = text.html; path = manual.html; sourceTree = "<group>"; };
		46FA65D01A2B1DF4002823B2 /* rapidxml.hpp */ = {isa = PBXFileReference; lastKnownFileType = sourcecode.cpp.h; path = rapidxml.hpp; sourceTree = "<group>"; };
		46FA65D11A2B1DF4002823B2 /* rapidxml_iterators.hpp */ = {isa = PBXFileReference; lastKnownFileType = sourcecode.cpp.h; path = rapidxml_iterators.hpp; sourceTree = "<group>"; };
		46FA65D21A2B1DF4002823B2 /* rapidxml_print.hpp */ = {isa = PBXFileReference; lastKnownFileType = sourcecode.cpp.h; path = rapidxml_print.hpp; sourceTree = "<group>"; };
		46FA65D31A2B1DF4002823B2 /* rapidxml_utils.hpp */ = {isa = PBXFileReference; lastKnownFileType = sourcecode.cpp.h; path = rapidxml_utils.hpp; sourceTree = "<group>"; };
		46FA65D91A2F991A002823B2 /* obj.h */ = {isa = PBXFileReference; lastKnownFileType = sourcecode.c.h; path = obj.h; sourceTree = "<group>"; };
		46FA65DA1A2F99F2002823B2 /* obj.cpp */ = {isa = PBXFileReference; fileEncoding = 4; lastKnownFileType = sourcecode.cpp.cpp; path = obj.cpp; sourceTree = "<group>"; };
		46FA65DC1A30CA21002823B2 /* XMLParse.h */ = {isa = PBXFileReference; lastKnownFileType = sourcecode.c.h; path = XMLParse.h; sourceTree = "<group>"; };
		46FA65DD1A30CC8C002823B2 /* XMLParse.cpp */ = {isa = PBXFileReference; fileEncoding = 4; lastKnownFileType = sourcecode.cpp.cpp; path = XMLParse.cpp; sourceTree = "<group>"; };
		46FA65DF1A30CFA8002823B2 /* Room.h */ = {isa = PBXFileReference; lastKnownFileType = sourcecode.c.h; path = Room.h; sourceTree = "<group>"; };
		46FA65E01A30E8DF002823B2 /* Creature.h */ = {isa = PBXFileReference; lastKnownFileType = sourcecode.c.h; path = Creature.h; sourceTree = "<group>"; };
		46FA65E11A30E8EC002823B2 /* Container.h */ = {isa = PBXFileReference; lastKnownFileType = sourcecode.c.h; path = Container.h; sourceTree = "<group>"; };
		46FA65E21A30E8F9002823B2 /* Item.h */ = {isa = PBXFileReference; lastKnownFileType = sourcecode.c.h; path = Item.h; sourceTree = "<group>"; };
		46FA65E31A30E907002823B2 /* Trigger.h */ = {isa = PBXFileReference; lastKnownFileType = sourcecode.c.h; path = Trigger.h; sourceTree = "<group>"; };
		46FA65E41A30E91C002823B2 /* Player.h */ = {isa = PBXFileReference; lastKnownFileType = sourcecode.c.h; path = Player.h; sourceTree = "<group>"; };
		46FA65E51A30EA90002823B2 /* Map.h */ = {isa = PBXFileReference; lastKnownFileType = sourcecode.c.h; path = Map.h; sourceTree = "<group>"; };
		46FA65E61A30F98E002823B2 /* Room.cpp */ = {isa = PBXFileReference; fileEncoding = 4; lastKnownFileType = sourcecode.cpp.cpp; path = Room.cpp; sourceTree = "<group>"; };
		46FA65E81A3138A9002823B2 /* Map.cpp */ = {isa = PBXFileReference; fileEncoding = 4; lastKnownFileType = sourcecode.cpp.cpp; path = Map.cpp; sourceTree = "<group>"; };
		46FA65EA1A32097C002823B2 /* Creature.cpp */ = {isa = PBXFileReference; fileEncoding = 4; lastKnownFileType = sourcecode.cpp.cpp; path = Creature.cpp; sourceTree = "<group>"; };
		46FA65EC1A320BB0002823B2 /* Item.cpp */ = {isa = PBXFileReference; fileEncoding = 4; lastKnownFileType = sourcecode.cpp.cpp; path = Item.cpp; sourceTree = "<group>"; };
		46FA65EE1A320D03002823B2 /* Container.cpp */ = {isa = PBXFileReference; fileEncoding = 4; lastKnownFileType = sourcecode.cpp.cpp; path = Container.cpp; sourceTree = "<group>"; };
		46FA65F01A33BC0E002823B2 /* Game.h */ = {isa = PBXFileReference; lastKnownFileType = sourcecode.c.h; path = Game.h; sourceTree = "<group>"; };
		46FA65F11A33C301002823B2 /* Player.cpp */ = {isa = PBXFileReference; fileEncoding = 4; lastKnownFileType = sourcecode.cpp.cpp; path = Player.cpp; sourceTree = "<group>"; };
		46FA65F31A33C30E002823B2 /* Game.cpp */ = {isa = PBXFileReference; fileEncoding = 4; lastKnownFileType = sourcecode.cpp.cpp; path = Game.cpp; sourceTree = "<group>"; };
/* End PBXFileReference section */

/* Begin PBXFrameworksBuildPhase section */
		46FA65A21A2AC4B1002823B2 /* Frameworks */ = {
			isa = PBXFrameworksBuildPhase;
			buildActionMask = 2147483647;
			files = (
			);
			runOnlyForDeploymentPostprocessing = 0;
		};
/* End PBXFrameworksBuildPhase section */

/* Begin PBXGroup section */
		46FA659C1A2AC4B1002823B2 = {
			isa = PBXGroup;
			children = (
				46FA65BA1A2B0B98002823B2 /* Dependencies */,
				46FA65B91A2B0B88002823B2 /* Headers */,
				46FA65A61A2AC4B1002823B2 /* Products */,
				46FA65B41A2B0670002823B2 /* Resources */,
				46FA65B11A2B0441002823B2 /* Source */,
			);
			sourceTree = "<group>";
		};
		46FA65A61A2AC4B1002823B2 /* Products */ = {
			isa = PBXGroup;
			children = (
				46FA65A51A2AC4B1002823B2 /* zork_clone */,
			);
			name = Products;
			sourceTree = "<group>";
		};
		46FA65B11A2B0441002823B2 /* Source */ = {
			isa = PBXGroup;
			children = (
				46FA65EE1A320D03002823B2 /* Container.cpp */,
				46FA65E11A30E8EC002823B2 /* Container.h */,
				46FA65EA1A32097C002823B2 /* Creature.cpp */,
				46FA65E01A30E8DF002823B2 /* Creature.h */,
				46FA65F31A33C30E002823B2 /* Game.cpp */,
				46FA65F01A33BC0E002823B2 /* Game.h */,
				46FA65EC1A320BB0002823B2 /* Item.cpp */,
				46FA65E21A30E8F9002823B2 /* Item.h */,
				46FA65B31A2B0441002823B2 /* main.cpp */,
				46FA65E81A3138A9002823B2 /* Map.cpp */,
				46FA65E51A30EA90002823B2 /* Map.h */,
				46FA65DA1A2F99F2002823B2 /* obj.cpp */,
				46FA65D91A2F991A002823B2 /* obj.h */,
				46FA65F11A33C301002823B2 /* Player.cpp */,
				46FA65E41A30E91C002823B2 /* Player.h */,
				46FA65E61A30F98E002823B2 /* Room.cpp */,
				46FA65DF1A30CFA8002823B2 /* Room.h */,
				46FA65E31A30E907002823B2 /* Trigger.h */,
				46FA65DD1A30CC8C002823B2 /* XMLParse.cpp */,
				46FA65DC1A30CA21002823B2 /* XMLParse.h */,
			);
			path = Source;
			sourceTree = "<group>";
		};
		46FA65B41A2B0670002823B2 /* Resources */ = {
			isa = PBXGroup;
			children = (
				46FA65B51A2B0670002823B2 /* Games */,
			);
			path = Resources;
			sourceTree = "<group>";
		};
		46FA65B51A2B0670002823B2 /* Games */ = {
			isa = PBXGroup;
			children = (
				46FA65B61A2B0670002823B2 /* sample.txt.xml */,
				46FA65B71A2B0670002823B2 /* text.txt */,
			);
			path = Games;
			sourceTree = "<group>";
		};
		46FA65B91A2B0B88002823B2 /* Headers */ = {
			isa = PBXGroup;
			children = (
			);
			path = Headers;
			sourceTree = "<group>";
		};
		46FA65BA1A2B0B98002823B2 /* Dependencies */ = {
			isa = PBXGroup;
			children = (
				46FA65CD1A2B1DF4002823B2 /* rapidxml-1.13 */,
			);
			path = Dependencies;
			sourceTree = "<group>";
		};
		46FA65CD1A2B1DF4002823B2 /* rapidxml-1.13 */ = {
			isa = PBXGroup;
			children = (
				46FA65CE1A2B1DF4002823B2 /* license.txt */,
				46FA65CF1A2B1DF4002823B2 /* manual.html */,
				46FA65D01A2B1DF4002823B2 /* rapidxml.hpp */,
				46FA65D11A2B1DF4002823B2 /* rapidxml_iterators.hpp */,
				46FA65D21A2B1DF4002823B2 /* rapidxml_print.hpp */,
				46FA65D31A2B1DF4002823B2 /* rapidxml_utils.hpp */,
			);
			path = "rapidxml-1.13";
			sourceTree = "<group>";
		};
/* End PBXGroup section */

/* Begin PBXNativeTarget section */
		46FA65A41A2AC4B1002823B2 /* zork_clone */ = {
			isa = PBXNativeTarget;
			buildConfigurationList = 46FA65AC1A2AC4B1002823B2 /* Build configuration list for PBXNativeTarget "zork_clone" */;
			buildPhases = (
				46FA65A11A2AC4B1002823B2 /* Sources */,
				46FA65A21A2AC4B1002823B2 /* Frameworks */,
				46FA65A31A2AC4B1002823B2 /* CopyFiles */,
			);
			buildRules = (
			);
			dependencies = (
			);
			name = zork_clone;
			productName = zork_clone;
			productReference = 46FA65A51A2AC4B1002823B2 /* zork_clone */;
			productType = "com.apple.product-type.tool";
		};
/* End PBXNativeTarget section */

/* Begin PBXProject section */
		46FA659D1A2AC4B1002823B2 /* Project object */ = {
			isa = PBXProject;
			attributes = {
				LastUpgradeCheck = 0610;
				ORGANIZATIONNAME = "Savinay Nangalia";
				TargetAttributes = {
					46FA65A41A2AC4B1002823B2 = {
						CreatedOnToolsVersion = 6.1;
					};
				};
			};
			buildConfigurationList = 46FA65A01A2AC4B1002823B2 /* Build configuration list for PBXProject "zork_clone" */;
			compatibilityVersion = "Xcode 3.2";
			developmentRegion = English;
			hasScannedForEncodings = 0;
			knownRegions = (
				en,
			);
			mainGroup = 46FA659C1A2AC4B1002823B2;
			productRefGroup = 46FA65A61A2AC4B1002823B2 /* Products */;
			projectDirPath = "";
			projectRoot = "";
			targets = (
				46FA65A41A2AC4B1002823B2 /* zork_clone */,
			);
		};
/* End PBXProject section */

/* Begin PBXSourcesBuildPhase section */
		46FA65A11A2AC4B1002823B2 /* Sources */ = {
			isa = PBXSourcesBuildPhase;
			buildActionMask = 2147483647;
			files = (
				46FA65DE1A30CC8C002823B2 /* XMLParse.cpp in Sources */,
				46FA65EF1A320D03002823B2 /* Container.cpp in Sources */,
				46FA65F21A33C301002823B2 /* Player.cpp in Sources */,
				46FA65E91A3138A9002823B2 /* Map.cpp in Sources */,
				46FA65D81A2F8CC5002823B2 /* main.cpp in Sources */,
				46FA65E71A30F98E002823B2 /* Room.cpp in Sources */,
				46FA65EB1A32097C002823B2 /* Creature.cpp in Sources */,
				46FA65DB1A2F99F2002823B2 /* obj.cpp in Sources */,
				46FA65ED1A320BB0002823B2 /* Item.cpp in Sources */,
				46FA65F41A33C30E002823B2 /* Game.cpp in Sources */,
			);
			runOnlyForDeploymentPostprocessing = 0;
		};
/* End PBXSourcesBuildPhase section */

/* Begin XCBuildConfiguration section */
		46FA65AA1A2AC4B1002823B2 /* Debug */ = {
			isa = XCBuildConfiguration;
			buildSettings = {
				ALWAYS_SEARCH_USER_PATHS = NO;
				CLANG_CXX_LANGUAGE_STANDARD = "gnu++0x";
				CLANG_CXX_LIBRARY = "libc++";
				CLANG_ENABLE_MODULES = YES;
				CLANG_ENABLE_OBJC_ARC = YES;
				CLANG_WARN_BOOL_CONVERSION = YES;
				CLANG_WARN_CONSTANT_CONVERSION = YES;
				CLANG_WARN_DIRECT_OBJC_ISA_USAGE = YES_ERROR;
				CLANG_WARN_EMPTY_BODY = YES;
				CLANG_WARN_ENUM_CONVERSION = YES;
				CLANG_WARN_INT_CONVERSION = YES;
				CLANG_WARN_OBJC_ROOT_CLASS = YES_ERROR;
				CLANG_WARN_UNREACHABLE_CODE = YES;
				CLANG_WARN__DUPLICATE_METHOD_MATCH = YES;
				COPY_PHASE_STRIP = NO;
				ENABLE_STRICT_OBJC_MSGSEND = YES;
				GCC_C_LANGUAGE_STANDARD = gnu99;
				GCC_DYNAMIC_NO_PIC = NO;
				GCC_OPTIMIZATION_LEVEL = 0;
				GCC_PREPROCESSOR_DEFINITIONS = (
					"DEBUG=1",
					"$(inherited)",
				);
				GCC_SYMBOLS_PRIVATE_EXTERN = NO;
				GCC_WARN_64_TO_32_BIT_CONVERSION = YES;
				GCC_WARN_ABOUT_RETURN_TYPE = YES_ERROR;
				GCC_WARN_UNDECLARED_SELECTOR = YES;
				GCC_WARN_UNINITIALIZED_AUTOS = YES_AGGRESSIVE;
				GCC_WARN_UNUSED_FUNCTION = YES;
				GCC_WARN_UNUSED_VARIABLE = YES;
				MACOSX_DEPLOYMENT_TARGET = 10.9;
				MTL_ENABLE_DEBUG_INFO = YES;
				ONLY_ACTIVE_ARCH = YES;
				SDKROOT = macosx;
			};
			name = Debug;
		};
		46FA65AB1A2AC4B1002823B2 /* Release */ = {
			isa = XCBuildConfiguration;
			buildSettings = {
				ALWAYS_SEARCH_USER_PATHS = NO;
				CLANG_CXX_LANGUAGE_STANDARD = "gnu++0x";
				CLANG_CXX_LIBRARY = "libc++";
				CLANG_ENABLE_MODULES = YES;
				CLANG_ENABLE_OBJC_ARC = YES;
				CLANG_WARN_BOOL_CONVERSION = YES;
				CLANG_WARN_CONSTANT_CONVERSION = YES;
				CLANG_WARN_DIRECT_OBJC_ISA_USAGE = YES_ERROR;
				CLANG_WARN_EMPTY_BODY = YES;
				CLANG_WARN_ENUM_CONVERSION = YES;
				CLANG_WARN_INT_CONVERSION = YES;
				CLANG_WARN_OBJC_ROOT_CLASS = YES_ERROR;
				CLANG_WARN_UNREACHABLE_CODE = YES;
				CLANG_WARN__DUPLICATE_METHOD_MATCH = YES;
				COPY_PHASE_STRIP = YES;
				DEBUG_INFORMATION_FORMAT = "dwarf-with-dsym";
				ENABLE_NS_ASSERTIONS = NO;
				ENABLE_STRICT_OBJC_MSGSEND = YES;
				GCC_C_LANGUAGE_STANDARD = gnu99;
				GCC_WARN_64_TO_32_BIT_CONVERSION = YES;
				GCC_WARN_ABOUT_RETURN_TYPE = YES_ERROR;
				GCC_WARN_UNDECLARED_SELECTOR = YES;
				GCC_WARN_UNINITIALIZED_AUTOS = YES_AGGRESSIVE;
				GCC_WARN_UNUSED_FUNCTION = YES;
				GCC_WARN_UNUSED_VARIABLE = YES;
				MACOSX_DEPLOYMENT_TARGET = 10.9;
				MTL_ENABLE_DEBUG_INFO = NO;
				SDKROOT = macosx;
			};
			name = Release;
		};
		46FA65AD1A2AC4B1002823B2 /* Debug */ = {
			isa = XCBuildConfiguration;
			buildSettings = {
				HEADER_SEARCH_PATHS = (
					"$(inherited)",
					/Applications/Xcode.app/Contents/Developer/Toolchains/XcodeDefault.xctoolchain/usr/include,
					/Users/Sav/XCodeProjects/zork_clone/Dependencies/,
				);
				PRODUCT_NAME = "$(TARGET_NAME)";
			};
			name = Debug;
		};
		46FA65AE1A2AC4B1002823B2 /* Release */ = {
			isa = XCBuildConfiguration;
			buildSettings = {
				HEADER_SEARCH_PATHS = (
					"$(inherited)",
					/Applications/Xcode.app/Contents/Developer/Toolchains/XcodeDefault.xctoolchain/usr/include,
					/Users/Sav/XCodeProjects/zork_clone/Dependencies/,
				);
				PRODUCT_NAME = "$(TARGET_NAME)";
			};
			name = Release;
		};
/* End XCBuildConfiguration section */

/* Begin XCConfigurationList section */
		46FA65A01A2AC4B1002823B2 /* Build configuration list for PBXProject "zork_clone" */ = {
			isa = XCConfigurationList;
			buildConfigurations = (
				46FA65AA1A2AC4B1002823B2 /* Debug */,
				46FA65AB1A2AC4B1002823B2 /* Release */,
			);
			defaultConfigurationIsVisible = 0;
			defaultConfigurationName = Release;
		};
		46FA65AC1A2AC4B1002823B2 /* Build configuration list for PBXNativeTarget "zork_clone" */ = {
			isa = XCConfigurationList;
			buildConfigurations = (
				46FA65AD1A2AC4B1002823B2 /* Debug */,
				46FA65AE1A2AC4B1002823B2 /* Release */,
			);
			defaultConfigurationIsVisible = 0;
			defaultConfigurationName = Release;
		};
/* End XCConfigurationList section */
	};
	rootObject = 46FA659D1A2AC4B1002823B2 /* Project object */;
}
