// !$*UTF8*$!
{
	archiveVersion = 1;
	classes = {
	};
	objectVersion = 46;
	objects = {

/* Begin PBXCopyFilesBuildPhase section */
		46FA65A31A2AC4B1002823B2 /* CopyFiles */ = {
			isa = PBXCopyFilesBuildPhase;
			buildActionMask = 2147483647;
			dstPath = /usr/share/man/man1/;
			dstSubfolderSpec = 0;
			files = (
			);
			runOnlyForDeploymentPostprocessing = 1;
		};
/* End PBXCopyFilesBuildPhase section */

/* Begin PBXFileReference section */
		46FA65A51A2AC4B1002823B2 /* zork_clone */ = {isa = PBXFileReference; explicitFileType = "compiled.mach-o.executable"; includeInIndex = 0; path = zork_clone; sourceTree = BUILT_PRODUCTS_DIR; };
		46FA65A81A2AC4B1002823B2 /* main.cpp */ = {isa = PBXFileReference; lastKnownFileType = sourcecode.cpp.cpp; path = main.cpp; sourceTree = "<group>"; };
		46FA65AF1A2B0426002823B2 /* main.cpp */ = {isa = PBXFileReference; lastKnownFileType = sourcecode.cpp.cpp; name = main.cpp; path = Source/main.cpp; sourceTree = "<group>"; };
		46FA65B21A2B0441002823B2 /* a.out */ = {isa = PBXFileReference; lastKnownFileType = "compiled.mach-o.executable"; path = a.out; sourceTree = "<group>"; };
		46FA65B31A2B0441002823B2 /* main.cpp */ = {isa = PBXFileReference; lastKnownFileType = sourcecode.cpp.cpp; path = main.cpp; sourceTree = "<group>"; };
/* End PBXFileReference section */

/* Begin PBXFrameworksBuildPhase section */
		46FA65A21A2AC4B1002823B2 /* Frameworks */ = {
			isa = PBXFrameworksBuildPhase;
			buildActionMask = 2147483647;
			files = (
			);
			runOnlyForDeploymentPostprocessing = 0;
		};
/* End PBXFrameworksBuildPhase section */

/* Begin PBXGroup section */
		46FA659C1A2AC4B1002823B2 = {
			isa = PBXGroup;
			children = (
				46FA65B11A2B0441002823B2 /* Source */,
				46FA65AF1A2B0426002823B2 /* main.cpp */,
				46FA65A71A2AC4B1002823B2 /* zork_clone */,
				46FA65A61A2AC4B1002823B2 /* Products */,
			);
			sourceTree = "<group>";
		};
		46FA65A61A2AC4B1002823B2 /* Products */ = {
			isa = PBXGroup;
			children = (
				46FA65A51A2AC4B1002823B2 /* zork_clone */,
			);
			name = Products;
			sourceTree = "<group>";
		};
		46FA65A71A2AC4B1002823B2 /* zork_clone */ = {
			isa = PBXGroup;
			children = (
				46FA65A81A2AC4B1002823B2 /* main.cpp */,
			);
			path = zork_clone;
			sourceTree = "<group>";
		};
		46FA65B11A2B0441002823B2 /* Source */ = {
			isa = PBXGroup;
			children = (
				46FA65B21A2B0441002823B2 /* a.out */,
				46FA65B31A2B0441002823B2 /* main.cpp */,
			);
			path = Source;
			sourceTree = "<group>";
		};
/* End PBXGroup section */

/* Begin PBXNativeTarget section */
		46FA65A41A2AC4B1002823B2 /* zork_clone */ = {
			isa = PBXNativeTarget;
			buildConfigurationList = 46FA65AC1A2AC4B1002823B2 /* Build configuration list for PBXNativeTarget "zork_clone" */;
			buildPhases = (
				46FA65A11A2AC4B1002823B2 /* Sources */,
				46FA65A21A2AC4B1002823B2 /* Frameworks */,
				46FA65A31A2AC4B1002823B2 /* CopyFiles */,
			);
			buildRules = (
			);
			dependencies = (
			);
			name = zork_clone;
			productName = zork_clone;
			productReference = 46FA65A51A2AC4B1002823B2 /* zork_clone */;
			productType = "com.apple.product-type.tool";
		};
/* End PBXNativeTarget section */

/* Begin PBXProject section */
		46FA659D1A2AC4B1002823B2 /* Project object */ = {
			isa = PBXProject;
			attributes = {
				LastUpgradeCheck = 0610;
				ORGANIZATIONNAME = "Savinay Nangalia";
				TargetAttributes = {
					46FA65A41A2AC4B1002823B2 = {
						CreatedOnToolsVersion = 6.1;
					};
				};
			};
			buildConfigurationList = 46FA65A01A2AC4B1002823B2 /* Build configuration list for PBXProject "zork_clone" */;
			compatibilityVersion = "Xcode 3.2";
			developmentRegion = English;
			hasScannedForEncodings = 0;
			knownRegions = (
				en,
			);
			mainGroup = 46FA659C1A2AC4B1002823B2;
			productRefGroup = 46FA65A61A2AC4B1002823B2 /* Products */;
			projectDirPath = "";
			projectRoot = "";
			targets = (
				46FA65A41A2AC4B1002823B2 /* zork_clone */,
			);
		};
/* End PBXProject section */

/* Begin PBXSourcesBuildPhase section */
		46FA65A11A2AC4B1002823B2 /* Sources */ = {
			isa = PBXSourcesBuildPhase;
			buildActionMask = 2147483647;
			files = (
			);
			runOnlyForDeploymentPostprocessing = 0;
		};
/* End PBXSourcesBuildPhase section */

/* Begin XCBuildConfiguration section */
		46FA65AA1A2AC4B1002823B2 /* Debug */ = {
			isa = XCBuildConfiguration;
			buildSettings = {
				ALWAYS_SEARCH_USER_PATHS = NO;
				CLANG_CXX_LANGUAGE_STANDARD = "gnu++0x";
				CLANG_CXX_LIBRARY = "libc++";
				CLANG_ENABLE_MODULES = YES;
				CLANG_ENABLE_OBJC_ARC = YES;
				CLANG_WARN_BOOL_CONVERSION = YES;
				CLANG_WARN_CONSTANT_CONVERSION = YES;
				CLANG_WARN_DIRECT_OBJC_ISA_USAGE = YES_ERROR;
				CLANG_WARN_EMPTY_BODY = YES;
				CLANG_WARN_ENUM_CONVERSION = YES;
				CLANG_WARN_INT_CONVERSION = YES;
				CLANG_WARN_OBJC_ROOT_CLASS = YES_ERROR;
				CLANG_WARN_UNREACHABLE_CODE = YES;
				CLANG_WARN__DUPLICATE_METHOD_MATCH = YES;
				COPY_PHASE_STRIP = NO;
				ENABLE_STRICT_OBJC_MSGSEND = YES;
				GCC_C_LANGUAGE_STANDARD = gnu99;
				GCC_DYNAMIC_NO_PIC = NO;
				GCC_OPTIMIZATION_LEVEL = 0;
				GCC_PREPROCESSOR_DEFINITIONS = (
					"DEBUG=1",
					"$(inherited)",
				);
				GCC_SYMBOLS_PRIVATE_EXTERN = NO;
				GCC_WARN_64_TO_32_BIT_CONVERSION = YES;
				GCC_WARN_ABOUT_RETURN_TYPE = YES_ERROR;
				GCC_WARN_UNDECLARED_SELECTOR = YES;
				GCC_WARN_UNINITIALIZED_AUTOS = YES_AGGRESSIVE;
				GCC_WARN_UNUSED_FUNCTION = YES;
				GCC_WARN_UNUSED_VARIABLE = YES;
				MACOSX_DEPLOYMENT_TARGET = 10.9;
				MTL_ENABLE_DEBUG_INFO = YES;
				ONLY_ACTIVE_ARCH = YES;
				SDKROOT = macosx;
			};
			name = Debug;
		};
		46FA65AB1A2AC4B1002823B2 /* Release */ = {
			isa = XCBuildConfiguration;
			buildSettings = {
				ALWAYS_SEARCH_USER_PATHS = NO;
				CLANG_CXX_LANGUAGE_STANDARD = "gnu++0x";
				CLANG_CXX_LIBRARY = "libc++";
				CLANG_ENABLE_MODULES = YES;
				CLANG_ENABLE_OBJC_ARC = YES;
				CLANG_WARN_BOOL_CONVERSION = YES;
				CLANG_WARN_CONSTANT_CONVERSION = YES;
				CLANG_WARN_DIRECT_OBJC_ISA_USAGE = YES_ERROR;
				CLANG_WARN_EMPTY_BODY = YES;
				CLANG_WARN_ENUM_CONVERSION = YES;
				CLANG_WARN_INT_CONVERSION = YES;
				CLANG_WARN_OBJC_ROOT_CLASS = YES_ERROR;
				CLANG_WARN_UNREACHABLE_CODE = YES;
				CLANG_WARN__DUPLICATE_METHOD_MATCH = YES;
				COPY_PHASE_STRIP = YES;
				DEBUG_INFORMATION_FORMAT = "dwarf-with-dsym";
				ENABLE_NS_ASSERTIONS = NO;
				ENABLE_STRICT_OBJC_MSGSEND = YES;
				GCC_C_LANGUAGE_STANDARD = gnu99;
				GCC_WARN_64_TO_32_BIT_CONVERSION = YES;
				GCC_WARN_ABOUT_RETURN_TYPE = YES_ERROR;
				GCC_WARN_UNDECLARED_SELECTOR = YES;
				GCC_WARN_UNINITIALIZED_AUTOS = YES_AGGRESSIVE;
				GCC_WARN_UNUSED_FUNCTION = YES;
				GCC_WARN_UNUSED_VARIABLE = YES;
				MACOSX_DEPLOYMENT_TARGET = 10.9;
				MTL_ENABLE_DEBUG_INFO = NO;
				SDKROOT = macosx;
			};
			name = Release;
		};
		46FA65AD1A2AC4B1002823B2 /* Debug */ = {
			isa = XCBuildConfiguration;
			buildSettings = {
				PRODUCT_NAME = "$(TARGET_NAME)";
			};
			name = Debug;
		};
		46FA65AE1A2AC4B1002823B2 /* Release */ = {
			isa = XCBuildConfiguration;
			buildSettings = {
				PRODUCT_NAME = "$(TARGET_NAME)";
			};
			name = Release;
		};
/* End XCBuildConfiguration section */

/* Begin XCConfigurationList section */
		46FA65A01A2AC4B1002823B2 /* Build configuration list for PBXProject "zork_clone" */ = {
			isa = XCConfigurationList;
			buildConfigurations = (
				46FA65AA1A2AC4B1002823B2 /* Debug */,
				46FA65AB1A2AC4B1002823B2 /* Release */,
			);
			defaultConfigurationIsVisible = 0;
			defaultConfigurationName = Release;
		};
		46FA65AC1A2AC4B1002823B2 /* Build configuration list for PBXNativeTarget "zork_clone" */ = {
			isa = XCConfigurationList;
			buildConfigurations = (
				46FA65AD1A2AC4B1002823B2 /* Debug */,
				46FA65AE1A2AC4B1002823B2 /* Release */,
			);
			defaultConfigurationIsVisible = 0;
			defaultConfigurationName = Release;
		};
/* End XCConfigurationList section */
	};
	rootObject = 46FA659D1A2AC4B1002823B2 /* Project object */;
}
